
Microsoft Visual Studio Solution File, Format Version 12.00
# Visual Studio 2012
Project("{FAE04EC0-301F-11D3-BF4B-00C04F79EFBC}") = "CQRS.Domain", "CQRS.Domain\CQRS.Domain.csproj", "{80163F41-7C18-403B-BFAD-3BC995280908}"
EndProject
Project("{FAE04EC0-301F-11D3-BF4B-00C04F79EFBC}") = "CQRS.UI", "CQRS.UI\CQRS.UI.csproj", "{F8374C27-56F0-4026-AA78-0CDACB3BAA6C}"
EndProject
Global
	GlobalSection(SolutionConfigurationPlatforms) = preSolution
		Debug|Any CPU = Debug|Any CPU
		Release|Any CPU = Release|Any CPU
	EndGlobalSection
	GlobalSection(ProjectConfigurationPlatforms) = postSolution
		{80163F41-7C18-403B-BFAD-3BC995280908}.Debug|Any CPU.ActiveCfg = Debug|Any CPU
		{80163F41-7C18-403B-BFAD-3BC995280908}.Debug|Any CPU.Build.0 = Debug|Any CPU
		{80163F41-7C18-403B-BFAD-3BC995280908}.Release|Any CPU.ActiveCfg = Release|Any CPU
		{80163F41-7C18-403B-BFAD-3BC995280908}.Release|Any CPU.Build.0 = Release|Any CPU
		{F8374C27-56F0-4026-AA78-0CDACB3BAA6C}.Debug|Any CPU.ActiveCfg = Debug|Any CPU
		{F8374C27-56F0-4026-AA78-0CDACB3BAA6C}.Debug|Any CPU.Build.0 = Debug|Any CPU
		{F8374C27-56F0-4026-AA78-0CDACB3BAA6C}.Release|Any CPU.ActiveCfg = Release|Any CPU
		{F8374C27-56F0-4026-AA78-0CDACB3BAA6C}.Release|Any CPU.Build.0 = Release|Any CPU
	EndGlobalSection
	GlobalSection(SolutionProperties) = preSolution
		HideSolutionNode = FALSE
	EndGlobalSection
EndGlobal
